
Microsoft Visual Studio Solution File, Format Version 12.00
# Visual Studio Version 17
VisualStudioVersion = 17.4.33213.308
MinimumVisualStudioVersion = 10.0.40219.1
Project("{FAE04EC0-301F-11D3-BF4B-00C04F79EFBC}") = "WpfApp1", "..\WpfApp1\WpfApp1.csproj", "{F8F55700-71E4-4322-8251-DF7C3C94909F}"
EndProject
Global
	GlobalSection(SolutionConfigurationPlatforms) = preSolution
		Debug|Any CPU = Debug|Any CPU
		Release|Any CPU = Release|Any CPU
	EndGlobalSection
	GlobalSection(ProjectConfigurationPlatforms) = postSolution
		{F8F55700-71E4-4322-8251-DF7C3C94909F}.Debug|Any CPU.ActiveCfg = Debug|Any CPU
		{F8F55700-71E4-4322-8251-DF7C3C94909F}.Debug|Any CPU.Build.0 = Debug|Any CPU
		{F8F55700-71E4-4322-8251-DF7C3C94909F}.Release|Any CPU.ActiveCfg = Release|Any CPU
		{F8F55700-71E4-4322-8251-DF7C3C94909F}.Release|Any CPU.Build.0 = Release|Any CPU
	EndGlobalSection
	GlobalSection(SolutionProperties) = preSolution
		HideSolutionNode = FALSE
	EndGlobalSection
	GlobalSection(ExtensibilityGlobals) = postSolution
		SolutionGuid = {FBB413DC-11F3-4080-8E96-5C9421DF78B1}
	EndGlobalSection
EndGlobal
